<?xml version="1.0" encoding="utf-8"?>
<Project ToolsVersion="4.0" xmlns="http://schemas.microsoft.com/developer/msbuild/2003">
  <ItemGroup>
    <Filter Include="Source Files">
      <UniqueIdentifier>{4FC737F1-C7A5-4376-A066-2A32D752A2FF}</UniqueIdentifier>
      <Extensions>cpp;c;cc;cxx;def;odl;idl;hpj;bat;asm;asmx</Extensions>
    </Filter>
    <Filter Include="Header Files">
      <UniqueIdentifier>{93995380-89BD-4b04-88EB-625FBE52EBFB}</UniqueIdentifier>
      <Extensions>h;hpp;hxx;hm;inl;inc;xsd</Extensions>
    </Filter>
    <Filter Include="Resource Files">
      <UniqueIdentifier>{67DA6AB6-F800-4c08-8B7A-83BB121AAD01}</UniqueIdentifier>
      <Extensions>rc;ico;cur;bmp;dlg;rc2;rct;bin;rgs;gif;jpg;jpeg;jpe;resx;tiff;tif;png;wav;mfcribbon-ms</Extensions>
    </Filter>
  </ItemGroup>
  <ItemGroup>
    <None Include="ReadMe.txt" />
    <None Include="Resources\close.png">
      <Filter>Resource Files</Filter>
    </None>
    <None Include="Resources\fullscreen.png">
      <Filter>Resource Files</Filter>
    </None>
    <None Include="Resources\max.png">
      <Filter>Resource Files</Filter>
    </None>
    <None Include="Resources\min.png">
      <Filter>Resource Files</Filter>
    </None>
    <None Include="Resources\resize.png">
      <Filter>Resource Files</Filter>
    </None>
    <None Include="Resources\shrink.png">
      <Filter>Resource Files</Filter>
    </None>
  </ItemGroup>
  <ItemGroup>
    <ClInclude Include="stdafx.h">
      <Filter>Header Files</Filter>
    </ClInclude>
    <ClInclude Include="targetver.h">
      <Filter>Header Files</Filter>
    </ClInclude>
    <ClInclude Include="puff.h">
      <Filter>Header Files</Filter>
    </ClInclude>
    <ClInclude Include="UxThemeApi.h">
      <Filter>Header Files</Filter>
    </ClInclude>
    <ClInclude Include="CaptionButton.h">
      <Filter>Header Files</Filter>
    </ClInclude>
    <ClInclude Include="DwmApi.h">
      <Filter>Header Files</Filter>
    </ClInclude>
    <ClInclude Include="lpng.h">
      <Filter>Header Files</Filter>
    </ClInclude>
    <ClInclude Include="MetroCaptionTheme.h">
      <Filter>Header Files</Filter>
    </ClInclude>
    <ClInclude Include="MiscWapppers.h">
      <Filter>Header Files</Filter>
    </ClInclude>
    <ClInclude Include="WindowExtenders.h">
      <Filter>Header Files</Filter>
    </ClInclude>
    <ClInclude Include="resource.h">
      <Filter>Header Files</Filter>
    </ClInclude>
    <ClInclude Include="MetroDialog.h">
      <Filter>Header Files</Filter>
    </ClInclude>
    <ClInclude Include="MetroFrame.h">
      <Filter>Header Files</Filter>
    </ClInclude>
    <ClInclude Include="MetroWindow.h">
      <Filter>Header Files</Filter>
    </ClInclude>
    <ClInclude Include="DropShadowWnd.h">
      <Filter>Header Files</Filter>
    </ClInclude>
    <ClInclude Include="DropShadowBitmaps.h">
      <Filter>Header Files</Filter>
    </ClInclude>
  </ItemGroup>
  <ItemGroup>
    <ClCompile Include="stdafx.cpp">
      <Filter>Source Files</Filter>
    </ClCompile>
    <ClCompile Include="dllmain.cpp">
      <Filter>Source Files</Filter>
    </ClCompile>
    <ClCompile Include="CaptionButton.cpp">
      <Filter>Source Files</Filter>
    </ClCompile>
    <ClCompile Include="lpng.c">
      <Filter>Source Files</Filter>
    </ClCompile>
    <ClCompile Include="puff.c">
      <Filter>Source Files</Filter>
    </ClCompile>
    <ClCompile Include="MetroCaptionTheme.cpp">
      <Filter>Source Files</Filter>
    </ClCompile>
    <ClCompile Include="WindowExtenders.cpp">
      <Filter>Source Files</Filter>
    </ClCompile>
    <ClCompile Include="MetroDialog.cpp">
      <Filter>Source Files</Filter>
    </ClCompile>
    <ClCompile Include="MetroFrame.cpp">
      <Filter>Source Files</Filter>
    </ClCompile>
    <ClCompile Include="MetroWindow.cpp">
      <Filter>Source Files</Filter>
    </ClCompile>
    <ClCompile Include="DwmApi.cpp">
      <Filter>Source Files</Filter>
    </ClCompile>
    <ClCompile Include="UxThemeApi.cpp">
      <Filter>Source Files</Filter>
    </ClCompile>
    <ClCompile Include="DropShadowWnd.cpp">
      <Filter>Source Files</Filter>
    </ClCompile>
    <ClCompile Include="DropShadowBitmaps.cpp">
      <Filter>Source Files</Filter>
    </ClCompile>
  </ItemGroup>
  <ItemGroup>
    <ResourceCompile Include="MetroWindow.rc">
      <Filter>Resource Files</Filter>
    </ResourceCompile>
  </ItemGroup>
</Project>